
Microsoft Visual Studio Solution File, Format Version 12.00
# Visual Studio Version 16
VisualStudioVersion = 16.0.30611.23
MinimumVisualStudioVersion = 10.0.40219.1
Project("{FAE04EC0-301F-11D3-BF4B-00C04F79EFBC}") = "HRMS", "HRMS\HRMS.csproj", "{B2A0F5AD-471F-43EC-A9AB-3F9AA1154563}"
EndProject
Global
	GlobalSection(SolutionConfigurationPlatforms) = preSolution
		Debug|Any CPU = Debug|Any CPU
		Release|Any CPU = Release|Any CPU
	EndGlobalSection
	GlobalSection(ProjectConfigurationPlatforms) = postSolution
		{B2A0F5AD-471F-43EC-A9AB-3F9AA1154563}.Debug|Any CPU.ActiveCfg = Debug|Any CPU
		{B2A0F5AD-471F-43EC-A9AB-3F9AA1154563}.Debug|Any CPU.Build.0 = Debug|Any CPU
		{B2A0F5AD-471F-43EC-A9AB-3F9AA1154563}.Release|Any CPU.ActiveCfg = Release|Any CPU
		{B2A0F5AD-471F-43EC-A9AB-3F9AA1154563}.Release|Any CPU.Build.0 = Release|Any CPU
	EndGlobalSection
	GlobalSection(SolutionProperties) = preSolution
		HideSolutionNode = FALSE
	EndGlobalSection
	GlobalSection(ExtensibilityGlobals) = postSolution
		SolutionGuid = {AFBAB376-2A95-4AC6-84E5-25776FEC6EA7}
	EndGlobalSection
EndGlobal
